
Microsoft Visual Studio Solution File, Format Version 12.00
# Visual Studio 15
VisualStudioVersion = 15.0.28010.2016
MinimumVisualStudioVersion = 10.0.40219.1
Project("{9A19103F-16F7-4668-BE54-9A1E7A4F7556}") = "RabbitMQReiverCoreAPI", "RabbitMQReiverCoreAPI\RabbitMQReiverCoreAPI\RabbitMQReiverCoreAPI.csproj", "{5F7045F8-646A-4587-9609-391BC78E9980}"
EndProject
Project("{9A19103F-16F7-4668-BE54-9A1E7A4F7556}") = "RabbitMQSenderConsoleApp", "RabbitMQSenderConsoleApp\RabbitMQSenderConsoleApp\RabbitMQSenderConsoleApp.csproj", "{E92C0EB5-A950-4EC4-9537-64A958D3854E}"
EndProject
Global
	GlobalSection(SolutionConfigurationPlatforms) = preSolution
		Debug|Any CPU = Debug|Any CPU
		Release|Any CPU = Release|Any CPU
	EndGlobalSection
	GlobalSection(ProjectConfigurationPlatforms) = postSolution
		{5F7045F8-646A-4587-9609-391BC78E9980}.Debug|Any CPU.ActiveCfg = Debug|Any CPU
		{5F7045F8-646A-4587-9609-391BC78E9980}.Debug|Any CPU.Build.0 = Debug|Any CPU
		{5F7045F8-646A-4587-9609-391BC78E9980}.Release|Any CPU.ActiveCfg = Release|Any CPU
		{5F7045F8-646A-4587-9609-391BC78E9980}.Release|Any CPU.Build.0 = Release|Any CPU
		{E92C0EB5-A950-4EC4-9537-64A958D3854E}.Debug|Any CPU.ActiveCfg = Debug|Any CPU
		{E92C0EB5-A950-4EC4-9537-64A958D3854E}.Debug|Any CPU.Build.0 = Debug|Any CPU
		{E92C0EB5-A950-4EC4-9537-64A958D3854E}.Release|Any CPU.ActiveCfg = Release|Any CPU
		{E92C0EB5-A950-4EC4-9537-64A958D3854E}.Release|Any CPU.Build.0 = Release|Any CPU
	EndGlobalSection
	GlobalSection(SolutionProperties) = preSolution
		HideSolutionNode = FALSE
	EndGlobalSection
	GlobalSection(ExtensibilityGlobals) = postSolution
		SolutionGuid = {F38BEB48-19AB-4D6B-94EF-4F6056D062A7}
	EndGlobalSection
EndGlobal
